
Microsoft Visual Studio Solution File, Format Version 12.00
# Visual Studio 15
VisualStudioVersion = 15.0.28307.421
MinimumVisualStudioVersion = 10.0.40219.1
Project("{FAE04EC0-301F-11D3-BF4B-00C04F79EFBC}") = "KPO", "KPO\KPO.csproj", "{1557041E-E214-41AE-AF3C-1D64C7BD1387}"
EndProject
Global
	GlobalSection(SolutionConfigurationPlatforms) = preSolution
		Debug|Any CPU = Debug|Any CPU
		Release|Any CPU = Release|Any CPU
	EndGlobalSection
	GlobalSection(ProjectConfigurationPlatforms) = postSolution
		{1557041E-E214-41AE-AF3C-1D64C7BD1387}.Debug|Any CPU.ActiveCfg = Debug|Any CPU
		{1557041E-E214-41AE-AF3C-1D64C7BD1387}.Debug|Any CPU.Build.0 = Debug|Any CPU
		{1557041E-E214-41AE-AF3C-1D64C7BD1387}.Release|Any CPU.ActiveCfg = Release|Any CPU
		{1557041E-E214-41AE-AF3C-1D64C7BD1387}.Release|Any CPU.Build.0 = Release|Any CPU
	EndGlobalSection
	GlobalSection(SolutionProperties) = preSolution
		HideSolutionNode = FALSE
	EndGlobalSection
	GlobalSection(ExtensibilityGlobals) = postSolution
		SolutionGuid = {B9576B38-464F-42E0-BF40-3F62935F7EBC}
	EndGlobalSection
EndGlobal
